
Microsoft Visual Studio Solution File, Format Version 12.00
Project("{FAE04EC0-301F-11D3-BF4B-00C04F79EFBC}") = "Week 3.2", "Week 3.2\Week 3.2.csproj", "{634736E3-B487-4E40-B19E-1E56863AB637}"
EndProject
Global
	GlobalSection(SolutionConfigurationPlatforms) = preSolution
		Debug|Any CPU = Debug|Any CPU
		Release|Any CPU = Release|Any CPU
	EndGlobalSection
	GlobalSection(ProjectConfigurationPlatforms) = postSolution
		{634736E3-B487-4E40-B19E-1E56863AB637}.Debug|Any CPU.ActiveCfg = Debug|Any CPU
		{634736E3-B487-4E40-B19E-1E56863AB637}.Debug|Any CPU.Build.0 = Debug|Any CPU
		{634736E3-B487-4E40-B19E-1E56863AB637}.Release|Any CPU.ActiveCfg = Release|Any CPU
		{634736E3-B487-4E40-B19E-1E56863AB637}.Release|Any CPU.Build.0 = Release|Any CPU
	EndGlobalSection
EndGlobal
